// !$*UTF8*$!
{
	archiveVersion = 1;
	classes = {
	};
	objectVersion = 50;
	objects = {

/* Begin PBXBuildFile section */
		582AD331262DB15700B96181 /* AppDelegate.swift in Sources */ = {isa = PBXBuildFile; fileRef = 582AD330262DB15700B96181 /* AppDelegate.swift */; };
		582AD333262DB15700B96181 /* SceneDelegate.swift in Sources */ = {isa = PBXBuildFile; fileRef = 582AD332262DB15700B96181 /* SceneDelegate.swift */; };
		582AD335262DB15700B96181 /* ExploreViewController.swift in Sources */ = {isa = PBXBuildFile; fileRef = 582AD334262DB15700B96181 /* ExploreViewController.swift */; };
		582AD338262DB15700B96181 /* Main.storyboard in Resources */ = {isa = PBXBuildFile; fileRef = 582AD336262DB15700B96181 /* Main.storyboard */; };
		582AD33B262DB15700B96181 /* LetsEat.xcdatamodeld in Sources */ = {isa = PBXBuildFile; fileRef = 582AD339262DB15700B96181 /* LetsEat.xcdatamodeld */; };
		582AD33D262DB15A00B96181 /* Assets.xcassets in Resources */ = {isa = PBXBuildFile; fileRef = 582AD33C262DB15A00B96181 /* Assets.xcassets */; };
		582AD340262DB15A00B96181 /* LaunchScreen.storyboard in Resources */ = {isa = PBXBuildFile; fileRef = 582AD33E262DB15A00B96181 /* LaunchScreen.storyboard */; };
		582AD34B262DB15A00B96181 /* LetsEatTests.swift in Sources */ = {isa = PBXBuildFile; fileRef = 582AD34A262DB15A00B96181 /* LetsEatTests.swift */; };
		582AD356262DB15A00B96181 /* LetsEatUITests.swift in Sources */ = {isa = PBXBuildFile; fileRef = 582AD355262DB15A00B96181 /* LetsEatUITests.swift */; };
		58665F0C262EC18F008489C2 /* RestaurantListViewController.swift in Sources */ = {isa = PBXBuildFile; fileRef = 58665F0B262EC18F008489C2 /* RestaurantListViewController.swift */; };
		586E415C262FEEEA0000422E /* ExploreData.plist in Resources */ = {isa = PBXBuildFile; fileRef = 586E415B262FEEEA0000422E /* ExploreData.plist */; };
		586E4161262FEFA60000422E /* ExploreItem.swift in Sources */ = {isa = PBXBuildFile; fileRef = 586E4160262FEFA60000422E /* ExploreItem.swift */; };
		586E4166262FF47A0000422E /* ExploreDataManager.swift in Sources */ = {isa = PBXBuildFile; fileRef = 586E4165262FF47A0000422E /* ExploreDataManager.swift */; };
		586E416D262FFF8D0000422E /* ExploreCell.swift in Sources */ = {isa = PBXBuildFile; fileRef = 586E416B262FFF8D0000422E /* ExploreCell.swift */; };
		586E416E262FFF8D0000422E /* ExploreCellCollectionViewCell.xib in Resources */ = {isa = PBXBuildFile; fileRef = 586E416C262FFF8D0000422E /* ExploreCellCollectionViewCell.xib */; };
		586E417C26301CE50000422E /* LocationViewController.swift in Sources */ = {isa = PBXBuildFile; fileRef = 586E417B26301CE50000422E /* LocationViewController.swift */; };
		586E418A263023390000422E /* Locations.plist in Resources */ = {isa = PBXBuildFile; fileRef = 586E4189263023390000422E /* Locations.plist */; };
		586E418F263029EB0000422E /* LocationDataManager.swift in Sources */ = {isa = PBXBuildFile; fileRef = 586E418E263029EB0000422E /* LocationDataManager.swift */; };
/* End PBXBuildFile section */

/* Begin PBXContainerItemProxy section */
		582AD347262DB15A00B96181 /* PBXContainerItemProxy */ = {
			isa = PBXContainerItemProxy;
			containerPortal = 582AD325262DB15700B96181 /* Project object */;
			proxyType = 1;
			remoteGlobalIDString = 582AD32C262DB15700B96181;
			remoteInfo = LetsEat;
		};
		582AD352262DB15A00B96181 /* PBXContainerItemProxy */ = {
			isa = PBXContainerItemProxy;
			containerPortal = 582AD325262DB15700B96181 /* Project object */;
			proxyType = 1;
			remoteGlobalIDString = 582AD32C262DB15700B96181;
			remoteInfo = LetsEat;
		};
/* End PBXContainerItemProxy section */

/* Begin PBXFileReference section */
		582AD32D262DB15700B96181 /* LetsEat.app */ = {isa = PBXFileReference; explicitFileType = wrapper.application; includeInIndex = 0; path = LetsEat.app; sourceTree = BUILT_PRODUCTS_DIR; };
		582AD330262DB15700B96181 /* AppDelegate.swift */ = {isa = PBXFileReference; lastKnownFileType = sourcecode.swift; path = AppDelegate.swift; sourceTree = "<group>"; };
		582AD332262DB15700B96181 /* SceneDelegate.swift */ = {isa = PBXFileReference; lastKnownFileType = sourcecode.swift; path = SceneDelegate.swift; sourceTree = "<group>"; };
		582AD334262DB15700B96181 /* ExploreViewController.swift */ = {isa = PBXFileReference; lastKnownFileType = sourcecode.swift; path = ExploreViewController.swift; sourceTree = "<group>"; };
		582AD337262DB15700B96181 /* Base */ = {isa = PBXFileReference; lastKnownFileType = file.storyboard; name = Base; path = Base.lproj/Main.storyboard; sourceTree = "<group>"; };
		582AD33A262DB15700B96181 /* LetsEat.xcdatamodel */ = {isa = PBXFileReference; lastKnownFileType = wrapper.xcdatamodel; path = LetsEat.xcdatamodel; sourceTree = "<group>"; };
		582AD33C262DB15A00B96181 /* Assets.xcassets */ = {isa = PBXFileReference; lastKnownFileType = folder.assetcatalog; path = Assets.xcassets; sourceTree = "<group>"; };
		582AD33F262DB15A00B96181 /* Base */ = {isa = PBXFileReference; lastKnownFileType = file.storyboard; name = Base; path = Base.lproj/LaunchScreen.storyboard; sourceTree = "<group>"; };
		582AD341262DB15A00B96181 /* Info.plist */ = {isa = PBXFileReference; lastKnownFileType = text.plist.xml; path = Info.plist; sourceTree = "<group>"; };
		582AD346262DB15A00B96181 /* LetsEatTests.xctest */ = {isa = PBXFileReference; explicitFileType = wrapper.cfbundle; includeInIndex = 0; path = LetsEatTests.xctest; sourceTree = BUILT_PRODUCTS_DIR; };
		582AD34A262DB15A00B96181 /* LetsEatTests.swift */ = {isa = PBXFileReference; lastKnownFileType = sourcecode.swift; path = LetsEatTests.swift; sourceTree = "<group>"; };
		582AD34C262DB15A00B96181 /* Info.plist */ = {isa = PBXFileReference; lastKnownFileType = text.plist.xml; path = Info.plist; sourceTree = "<group>"; };
		582AD351262DB15A00B96181 /* LetsEatUITests.xctest */ = {isa = PBXFileReference; explicitFileType = wrapper.cfbundle; includeInIndex = 0; path = LetsEatUITests.xctest; sourceTree = BUILT_PRODUCTS_DIR; };
		582AD355262DB15A00B96181 /* LetsEatUITests.swift */ = {isa = PBXFileReference; lastKnownFileType = sourcecode.swift; path = LetsEatUITests.swift; sourceTree = "<group>"; };
		582AD357262DB15A00B96181 /* Info.plist */ = {isa = PBXFileReference; lastKnownFileType = text.plist.xml; path = Info.plist; sourceTree = "<group>"; };
		58665F0B262EC18F008489C2 /* RestaurantListViewController.swift */ = {isa = PBXFileReference; lastKnownFileType = sourcecode.swift; path = RestaurantListViewController.swift; sourceTree = "<group>"; };
		586E415B262FEEEA0000422E /* ExploreData.plist */ = {isa = PBXFileReference; fileEncoding = 4; lastKnownFileType = text.plist.xml; name = ExploreData.plist; path = "../../../../../iOS-13-Programming-for-Beginners/Chapter14/resources/ExploreData.plist"; sourceTree = "<group>"; };
		586E4160262FEFA60000422E /* ExploreItem.swift */ = {isa = PBXFileReference; lastKnownFileType = sourcecode.swift; path = ExploreItem.swift; sourceTree = "<group>"; };
		586E4165262FF47A0000422E /* ExploreDataManager.swift */ = {isa = PBXFileReference; lastKnownFileType = sourcecode.swift; path = ExploreDataManager.swift; sourceTree = "<group>"; };
		586E416B262FFF8D0000422E /* ExploreCell.swift */ = {isa = PBXFileReference; lastKnownFileType = sourcecode.swift; path = ExploreCell.swift; sourceTree = "<group>"; };
		586E416C262FFF8D0000422E /* ExploreCellCollectionViewCell.xib */ = {isa = PBXFileReference; lastKnownFileType = file.xib; path = ExploreCellCollectionViewCell.xib; sourceTree = "<group>"; };
		586E417B26301CE50000422E /* LocationViewController.swift */ = {isa = PBXFileReference; lastKnownFileType = sourcecode.swift; path = LocationViewController.swift; sourceTree = "<group>"; };
		586E4189263023390000422E /* Locations.plist */ = {isa = PBXFileReference; lastKnownFileType = text.plist.xml; path = Locations.plist; sourceTree = "<group>"; };
		586E418E263029EB0000422E /* LocationDataManager.swift */ = {isa = PBXFileReference; lastKnownFileType = sourcecode.swift; path = LocationDataManager.swift; sourceTree = "<group>"; };
/* End PBXFileReference section */

/* Begin PBXFrameworksBuildPhase section */
		582AD32A262DB15700B96181 /* Frameworks */ = {
			isa = PBXFrameworksBuildPhase;
			buildActionMask = 2147483647;
			files = (
			);
			runOnlyForDeploymentPostprocessing = 0;
		};
		582AD343262DB15A00B96181 /* Frameworks */ = {
			isa = PBXFrameworksBuildPhase;
			buildActionMask = 2147483647;
			files = (
			);
			runOnlyForDeploymentPostprocessing = 0;
		};
		582AD34E262DB15A00B96181 /* Frameworks */ = {
			isa = PBXFrameworksBuildPhase;
			buildActionMask = 2147483647;
			files = (
			);
			runOnlyForDeploymentPostprocessing = 0;
		};
/* End PBXFrameworksBuildPhase section */

/* Begin PBXGroup section */
		582AD324262DB15700B96181 = {
			isa = PBXGroup;
			children = (
				582AD32F262DB15700B96181 /* LetsEat */,
				582AD349262DB15A00B96181 /* LetsEatTests */,
				582AD354262DB15A00B96181 /* LetsEatUITests */,
				582AD32E262DB15700B96181 /* Products */,
			);
			sourceTree = "<group>";
		};
		582AD32E262DB15700B96181 /* Products */ = {
			isa = PBXGroup;
			children = (
				582AD32D262DB15700B96181 /* LetsEat.app */,
				582AD346262DB15A00B96181 /* LetsEatTests.xctest */,
				582AD351262DB15A00B96181 /* LetsEatUITests.xctest */,
			);
			name = Products;
			sourceTree = "<group>";
		};
		582AD32F262DB15700B96181 /* LetsEat */ = {
			isa = PBXGroup;
			children = (
				586E417826301C980000422E /* Location */,
				58665F0A262EC169008489C2 /* Restaurants */,
				582AD369262DFB2100B96181 /* Explore */,
				582AD330262DB15700B96181 /* AppDelegate.swift */,
				582AD332262DB15700B96181 /* SceneDelegate.swift */,
				582AD336262DB15700B96181 /* Main.storyboard */,
				582AD33C262DB15A00B96181 /* Assets.xcassets */,
				582AD33E262DB15A00B96181 /* LaunchScreen.storyboard */,
				582AD341262DB15A00B96181 /* Info.plist */,
				582AD339262DB15700B96181 /* LetsEat.xcdatamodeld */,
			);
			path = LetsEat;
			sourceTree = "<group>";
		};
		582AD349262DB15A00B96181 /* LetsEatTests */ = {
			isa = PBXGroup;
			children = (
				582AD34A262DB15A00B96181 /* LetsEatTests.swift */,
				582AD34C262DB15A00B96181 /* Info.plist */,
			);
			path = LetsEatTests;
			sourceTree = "<group>";
		};
		582AD354262DB15A00B96181 /* LetsEatUITests */ = {
			isa = PBXGroup;
			children = (
				582AD355262DB15A00B96181 /* LetsEatUITests.swift */,
				582AD357262DB15A00B96181 /* Info.plist */,
			);
			path = LetsEatUITests;
			sourceTree = "<group>";
		};
		582AD369262DFB2100B96181 /* Explore */ = {
			isa = PBXGroup;
			children = (
				586E416A262FFF4F0000422E /* view */,
				586E415A262FEED20000422E /* Model */,
				582AD334262DB15700B96181 /* ExploreViewController.swift */,
			);
			path = Explore;
			sourceTree = "<group>";
		};
		58665F0A262EC169008489C2 /* Restaurants */ = {
			isa = PBXGroup;
			children = (
				58665F0B262EC18F008489C2 /* RestaurantListViewController.swift */,
			);
			path = Restaurants;
			sourceTree = "<group>";
		};
		586E415A262FEED20000422E /* Model */ = {
			isa = PBXGroup;
			children = (
				586E415B262FEEEA0000422E /* ExploreData.plist */,
				586E4160262FEFA60000422E /* ExploreItem.swift */,
				586E4165262FF47A0000422E /* ExploreDataManager.swift */,
			);
			path = Model;
			sourceTree = "<group>";
		};
		586E416A262FFF4F0000422E /* view */ = {
			isa = PBXGroup;
			children = (
				586E416B262FFF8D0000422E /* ExploreCell.swift */,
				586E416C262FFF8D0000422E /* ExploreCellCollectionViewCell.xib */,
			);
			path = view;
			sourceTree = "<group>";
		};
		586E417826301C980000422E /* Location */ = {
			isa = PBXGroup;
			children = (
				586E417A26301CAC0000422E /* Model */,
				586E417926301CA80000422E /* View */,
				586E417B26301CE50000422E /* LocationViewController.swift */,
			);
			path = Location;
			sourceTree = "<group>";
		};
		586E417926301CA80000422E /* View */ = {
			isa = PBXGroup;
			children = (
			);
			path = View;
			sourceTree = "<group>";
		};
		586E417A26301CAC0000422E /* Model */ = {
			isa = PBXGroup;
			children = (
				586E4189263023390000422E /* Locations.plist */,
				586E418E263029EB0000422E /* LocationDataManager.swift */,
			);
			path = Model;
			sourceTree = "<group>";
		};
/* End PBXGroup section */

/* Begin PBXNativeTarget section */
		582AD32C262DB15700B96181 /* LetsEat */ = {
			isa = PBXNativeTarget;
			buildConfigurationList = 582AD35A262DB15A00B96181 /* Build configuration list for PBXNativeTarget "LetsEat" */;
			buildPhases = (
				582AD329262DB15700B96181 /* Sources */,
				582AD32A262DB15700B96181 /* Frameworks */,
				582AD32B262DB15700B96181 /* Resources */,
			);
			buildRules = (
			);
			dependencies = (
			);
			name = LetsEat;
			productName = LetsEat;
			productReference = 582AD32D262DB15700B96181 /* LetsEat.app */;
			productType = "com.apple.product-type.application";
		};
		582AD345262DB15A00B96181 /* LetsEatTests */ = {
			isa = PBXNativeTarget;
			buildConfigurationList = 582AD35D262DB15A00B96181 /* Build configuration list for PBXNativeTarget "LetsEatTests" */;
			buildPhases = (
				582AD342262DB15A00B96181 /* Sources */,
				582AD343262DB15A00B96181 /* Frameworks */,
				582AD344262DB15A00B96181 /* Resources */,
			);
			buildRules = (
			);
			dependencies = (
				582AD348262DB15A00B96181 /* PBXTargetDependency */,
			);
			name = LetsEatTests;
			productName = LetsEatTests;
			productReference = 582AD346262DB15A00B96181 /* LetsEatTests.xctest */;
			productType = "com.apple.product-type.bundle.unit-test";
		};
		582AD350262DB15A00B96181 /* LetsEatUITests */ = {
			isa = PBXNativeTarget;
			buildConfigurationList = 582AD360262DB15A00B96181 /* Build configuration list for PBXNativeTarget "LetsEatUITests" */;
			buildPhases = (
				582AD34D262DB15A00B96181 /* Sources */,
				582AD34E262DB15A00B96181 /* Frameworks */,
				582AD34F262DB15A00B96181 /* Resources */,
			);
			buildRules = (
			);
			dependencies = (
				582AD353262DB15A00B96181 /* PBXTargetDependency */,
			);
			name = LetsEatUITests;
			productName = LetsEatUITests;
			productReference = 582AD351262DB15A00B96181 /* LetsEatUITests.xctest */;
			productType = "com.apple.product-type.bundle.ui-testing";
		};
/* End PBXNativeTarget section */

/* Begin PBXProject section */
		582AD325262DB15700B96181 /* Project object */ = {
			isa = PBXProject;
			attributes = {
				LastSwiftUpdateCheck = 1240;
				LastUpgradeCheck = 1240;
				TargetAttributes = {
					582AD32C262DB15700B96181 = {
						CreatedOnToolsVersion = 12.4;
					};
					582AD345262DB15A00B96181 = {
						CreatedOnToolsVersion = 12.4;
						TestTargetID = 582AD32C262DB15700B96181;
					};
					582AD350262DB15A00B96181 = {
						CreatedOnToolsVersion = 12.4;
						TestTargetID = 582AD32C262DB15700B96181;
					};
				};
			};
			buildConfigurationList = 582AD328262DB15700B96181 /* Build configuration list for PBXProject "LetsEat" */;
			compatibilityVersion = "Xcode 9.3";
			developmentRegion = en;
			hasScannedForEncodings = 0;
			knownRegions = (
				en,
				Base,
			);
			mainGroup = 582AD324262DB15700B96181;
			productRefGroup = 582AD32E262DB15700B96181 /* Products */;
			projectDirPath = "";
			projectRoot = "";
			targets = (
				582AD32C262DB15700B96181 /* LetsEat */,
				582AD345262DB15A00B96181 /* LetsEatTests */,
				582AD350262DB15A00B96181 /* LetsEatUITests */,
			);
		};
/* End PBXProject section */

/* Begin PBXResourcesBuildPhase section */
		582AD32B262DB15700B96181 /* Resources */ = {
			isa = PBXResourcesBuildPhase;
			buildActionMask = 2147483647;
			files = (
				586E415C262FEEEA0000422E /* ExploreData.plist in Resources */,
				582AD340262DB15A00B96181 /* LaunchScreen.storyboard in Resources */,
				586E416E262FFF8D0000422E /* ExploreCellCollectionViewCell.xib in Resources */,
				586E418A263023390000422E /* Locations.plist in Resources */,
				582AD33D262DB15A00B96181 /* Assets.xcassets in Resources */,
				582AD338262DB15700B96181 /* Main.storyboard in Resources */,
			);
			runOnlyForDeploymentPostprocessing = 0;
		};
		582AD344262DB15A00B96181 /* Resources */ = {
			isa = PBXResourcesBuildPhase;
			buildActionMask = 2147483647;
			files = (
			);
			runOnlyForDeploymentPostprocessing = 0;
		};
		582AD34F262DB15A00B96181 /* Resources */ = {
			isa = PBXResourcesBuildPhase;
			buildActionMask = 2147483647;
			files = (
			);
			runOnlyForDeploymentPostprocessing = 0;
		};
/* End PBXResourcesBuildPhase section */

/* Begin PBXSourcesBuildPhase section */
		582AD329262DB15700B96181 /* Sources */ = {
			isa = PBXSourcesBuildPhase;
			buildActionMask = 2147483647;
			files = (
				582AD335262DB15700B96181 /* ExploreViewController.swift in Sources */,
				582AD331262DB15700B96181 /* AppDelegate.swift in Sources */,
				586E4161262FEFA60000422E /* ExploreItem.swift in Sources */,
				58665F0C262EC18F008489C2 /* RestaurantListViewController.swift in Sources */,
				586E418F263029EB0000422E /* LocationDataManager.swift in Sources */,
				586E416D262FFF8D0000422E /* ExploreCell.swift in Sources */,
				586E4166262FF47A0000422E /* ExploreDataManager.swift in Sources */,
				586E417C26301CE50000422E /* LocationViewController.swift in Sources */,
				582AD33B262DB15700B96181 /* LetsEat.xcdatamodeld in Sources */,
				582AD333262DB15700B96181 /* SceneDelegate.swift in Sources */,
			);
			runOnlyForDeploymentPostprocessing = 0;
		};
		582AD342262DB15A00B96181 /* Sources */ = {
			isa = PBXSourcesBuildPhase;
			buildActionMask = 2147483647;
			files = (
				582AD34B262DB15A00B96181 /* LetsEatTests.swift in Sources */,
			);
			runOnlyForDeploymentPostprocessing = 0;
		};
		582AD34D262DB15A00B96181 /* Sources */ = {
			isa = PBXSourcesBuildPhase;
			buildActionMask = 2147483647;
			files = (
				582AD356262DB15A00B96181 /* LetsEatUITests.swift in Sources */,
			);
			runOnlyForDeploymentPostprocessing = 0;
		};
/* End PBXSourcesBuildPhase section */

/* Begin PBXTargetDependency section */
		582AD348262DB15A00B96181 /* PBXTargetDependency */ = {
			isa = PBXTargetDependency;
			target = 582AD32C262DB15700B96181 /* LetsEat */;
			targetProxy = 582AD347262DB15A00B96181 /* PBXContainerItemProxy */;
		};
		582AD353262DB15A00B96181 /* PBXTargetDependency */ = {
			isa = PBXTargetDependency;
			target = 582AD32C262DB15700B96181 /* LetsEat */;
			targetProxy = 582AD352262DB15A00B96181 /* PBXContainerItemProxy */;
		};
/* End PBXTargetDependency section */

/* Begin PBXVariantGroup section */
		582AD336262DB15700B96181 /* Main.storyboard */ = {
			isa = PBXVariantGroup;
			children = (
				582AD337262DB15700B96181 /* Base */,
			);
			name = Main.storyboard;
			sourceTree = "<group>";
		};
		582AD33E262DB15A00B96181 /* LaunchScreen.storyboard */ = {
			isa = PBXVariantGroup;
			children = (
				582AD33F262DB15A00B96181 /* Base */,
			);
			name = LaunchScreen.storyboard;
			sourceTree = "<group>";
		};
/* End PBXVariantGroup section */

/* Begin XCBuildConfiguration section */
		582AD358262DB15A00B96181 /* Debug */ = {
			isa = XCBuildConfiguration;
			buildSettings = {
				ALWAYS_SEARCH_USER_PATHS = NO;
				CLANG_ANALYZER_NONNULL = YES;
				CLANG_ANALYZER_NUMBER_OBJECT_CONVERSION = YES_AGGRESSIVE;
				CLANG_CXX_LANGUAGE_STANDARD = "gnu++14";
				CLANG_CXX_LIBRARY = "libc++";
				CLANG_ENABLE_MODULES = YES;
				CLANG_ENABLE_OBJC_ARC = YES;
				CLANG_ENABLE_OBJC_WEAK = YES;
				CLANG_WARN_BLOCK_CAPTURE_AUTORELEASING = YES;
				CLANG_WARN_BOOL_CONVERSION = YES;
				CLANG_WARN_COMMA = YES;
				CLANG_WARN_CONSTANT_CONVERSION = YES;
				CLANG_WARN_DEPRECATED_OBJC_IMPLEMENTATIONS = YES;
				CLANG_WARN_DIRECT_OBJC_ISA_USAGE = YES_ERROR;
				CLANG_WARN_DOCUMENTATION_COMMENTS = YES;
				CLANG_WARN_EMPTY_BODY = YES;
				CLANG_WARN_ENUM_CONVERSION = YES;
				CLANG_WARN_INFINITE_RECURSION = YES;
				CLANG_WARN_INT_CONVERSION = YES;
				CLANG_WARN_NON_LITERAL_NULL_CONVERSION = YES;
				CLANG_WARN_OBJC_IMPLICIT_RETAIN_SELF = YES;
				CLANG_WARN_OBJC_LITERAL_CONVERSION = YES;
				CLANG_WARN_OBJC_ROOT_CLASS = YES_ERROR;
				CLANG_WARN_QUOTED_INCLUDE_IN_FRAMEWORK_HEADER = YES;
				CLANG_WARN_RANGE_LOOP_ANALYSIS = YES;
				CLANG_WARN_STRICT_PROTOTYPES = YES;
				CLANG_WARN_SUSPICIOUS_MOVE = YES;
				CLANG_WARN_UNGUARDED_AVAILABILITY = YES_AGGRESSIVE;
				CLANG_WARN_UNREACHABLE_CODE = YES;
				CLANG_WARN__DUPLICATE_METHOD_MATCH = YES;
				COPY_PHASE_STRIP = NO;
				DEBUG_INFORMATION_FORMAT = dwarf;
				ENABLE_STRICT_OBJC_MSGSEND = YES;
				ENABLE_TESTABILITY = YES;
				GCC_C_LANGUAGE_STANDARD = gnu11;
				GCC_DYNAMIC_NO_PIC = NO;
				GCC_NO_COMMON_BLOCKS = YES;
				GCC_OPTIMIZATION_LEVEL = 0;
				GCC_PREPROCESSOR_DEFINITIONS = (
					"DEBUG=1",
					"$(inherited)",
				);
				GCC_WARN_64_TO_32_BIT_CONVERSION = YES;
				GCC_WARN_ABOUT_RETURN_TYPE = YES_ERROR;
				GCC_WARN_UNDECLARED_SELECTOR = YES;
				GCC_WARN_UNINITIALIZED_AUTOS = YES_AGGRESSIVE;
				GCC_WARN_UNUSED_FUNCTION = YES;
				GCC_WARN_UNUSED_VARIABLE = YES;
				IPHONEOS_DEPLOYMENT_TARGET = 14.4;
				MTL_ENABLE_DEBUG_INFO = INCLUDE_SOURCE;
				MTL_FAST_MATH = YES;
				ONLY_ACTIVE_ARCH = YES;
				SDKROOT = iphoneos;
				SWIFT_ACTIVE_COMPILATION_CONDITIONS = DEBUG;
				SWIFT_OPTIMIZATION_LEVEL = "-Onone";
			};
			name = Debug;
		};
		582AD359262DB15A00B96181 /* Release */ = {
			isa = XCBuildConfiguration;
			buildSettings = {
				ALWAYS_SEARCH_USER_PATHS = NO;
				CLANG_ANALYZER_NONNULL = YES;
				CLANG_ANALYZER_NUMBER_OBJECT_CONVERSION = YES_AGGRESSIVE;
				CLANG_CXX_LANGUAGE_STANDARD = "gnu++14";
				CLANG_CXX_LIBRARY = "libc++";
				CLANG_ENABLE_MODULES = YES;
				CLANG_ENABLE_OBJC_ARC = YES;
				CLANG_ENABLE_OBJC_WEAK = YES;
				CLANG_WARN_BLOCK_CAPTURE_AUTORELEASING = YES;
				CLANG_WARN_BOOL_CONVERSION = YES;
				CLANG_WARN_COMMA = YES;
				CLANG_WARN_CONSTANT_CONVERSION = YES;
				CLANG_WARN_DEPRECATED_OBJC_IMPLEMENTATIONS = YES;
				CLANG_WARN_DIRECT_OBJC_ISA_USAGE = YES_ERROR;
				CLANG_WARN_DOCUMENTATION_COMMENTS = YES;
				CLANG_WARN_EMPTY_BODY = YES;
				CLANG_WARN_ENUM_CONVERSION = YES;
				CLANG_WARN_INFINITE_RECURSION = YES;
				CLANG_WARN_INT_CONVERSION = YES;
				CLANG_WARN_NON_LITERAL_NULL_CONVERSION = YES;
				CLANG_WARN_OBJC_IMPLICIT_RETAIN_SELF = YES;
				CLANG_WARN_OBJC_LITERAL_CONVERSION = YES;
				CLANG_WARN_OBJC_ROOT_CLASS = YES_ERROR;
				CLANG_WARN_QUOTED_INCLUDE_IN_FRAMEWORK_HEADER = YES;
				CLANG_WARN_RANGE_LOOP_ANALYSIS = YES;
				CLANG_WARN_STRICT_PROTOTYPES = YES;
				CLANG_WARN_SUSPICIOUS_MOVE = YES;
				CLANG_WARN_UNGUARDED_AVAILABILITY = YES_AGGRESSIVE;
				CLANG_WARN_UNREACHABLE_CODE = YES;
				CLANG_WARN__DUPLICATE_METHOD_MATCH = YES;
				COPY_PHASE_STRIP = NO;
				DEBUG_INFORMATION_FORMAT = "dwarf-with-dsym";
				ENABLE_NS_ASSERTIONS = NO;
				ENABLE_STRICT_OBJC_MSGSEND = YES;
				GCC_C_LANGUAGE_STANDARD = gnu11;
				GCC_NO_COMMON_BLOCKS = YES;
				GCC_WARN_64_TO_32_BIT_CONVERSION = YES;
				GCC_WARN_ABOUT_RETURN_TYPE = YES_ERROR;
				GCC_WARN_UNDECLARED_SELECTOR = YES;
				GCC_WARN_UNINITIALIZED_AUTOS = YES_AGGRESSIVE;
				GCC_WARN_UNUSED_FUNCTION = YES;
				GCC_WARN_UNUSED_VARIABLE = YES;
				IPHONEOS_DEPLOYMENT_TARGET = 14.4;
				MTL_ENABLE_DEBUG_INFO = NO;
				MTL_FAST_MATH = YES;
				SDKROOT = iphoneos;
				SWIFT_COMPILATION_MODE = wholemodule;
				SWIFT_OPTIMIZATION_LEVEL = "-O";
				VALIDATE_PRODUCT = YES;
			};
			name = Release;
		};
		582AD35B262DB15A00B96181 /* Debug */ = {
			isa = XCBuildConfiguration;
			buildSettings = {
				ASSETCATALOG_COMPILER_APPICON_NAME = AppIcon;
				ASSETCATALOG_COMPILER_GLOBAL_ACCENT_COLOR_NAME = AccentColor;
				CODE_SIGN_STYLE = Automatic;
				INFOPLIST_FILE = LetsEat/Info.plist;
				LD_RUNPATH_SEARCH_PATHS = (
					"$(inherited)",
					"@executable_path/Frameworks",
				);
				PRODUCT_BUNDLE_IDENTIFIER = devstart.LetsEat;
				PRODUCT_NAME = "$(TARGET_NAME)";
				SWIFT_VERSION = 5.0;
				TARGETED_DEVICE_FAMILY = "1,2";
			};
			name = Debug;
		};
		582AD35C262DB15A00B96181 /* Release */ = {
			isa = XCBuildConfiguration;
			buildSettings = {
				ASSETCATALOG_COMPILER_APPICON_NAME = AppIcon;
				ASSETCATALOG_COMPILER_GLOBAL_ACCENT_COLOR_NAME = AccentColor;
				CODE_SIGN_STYLE = Automatic;
				INFOPLIST_FILE = LetsEat/Info.plist;
				LD_RUNPATH_SEARCH_PATHS = (
					"$(inherited)",
					"@executable_path/Frameworks",
				);
				PRODUCT_BUNDLE_IDENTIFIER = devstart.LetsEat;
				PRODUCT_NAME = "$(TARGET_NAME)";
				SWIFT_VERSION = 5.0;
				TARGETED_DEVICE_FAMILY = "1,2";
			};
			name = Release;
		};
		582AD35E262DB15A00B96181 /* Debug */ = {
			isa = XCBuildConfiguration;
			buildSettings = {
				ALWAYS_EMBED_SWIFT_STANDARD_LIBRARIES = YES;
				BUNDLE_LOADER = "$(TEST_HOST)";
				CODE_SIGN_STYLE = Automatic;
				INFOPLIST_FILE = LetsEatTests/Info.plist;
				IPHONEOS_DEPLOYMENT_TARGET = 14.4;
				LD_RUNPATH_SEARCH_PATHS = (
					"$(inherited)",
					"@executable_path/Frameworks",
					"@loader_path/Frameworks",
				);
				PRODUCT_BUNDLE_IDENTIFIER = devstart.LetsEatTests;
				PRODUCT_NAME = "$(TARGET_NAME)";
				SWIFT_VERSION = 5.0;
				TARGETED_DEVICE_FAMILY = "1,2";
				TEST_HOST = "$(BUILT_PRODUCTS_DIR)/LetsEat.app/LetsEat";
			};
			name = Debug;
		};
		582AD35F262DB15A00B96181 /* Release */ = {
			isa = XCBuildConfiguration;
			buildSettings = {
				ALWAYS_EMBED_SWIFT_STANDARD_LIBRARIES = YES;
				BUNDLE_LOADER = "$(TEST_HOST)";
				CODE_SIGN_STYLE = Automatic;
				INFOPLIST_FILE = LetsEatTests/Info.plist;
				IPHONEOS_DEPLOYMENT_TARGET = 14.4;
				LD_RUNPATH_SEARCH_PATHS = (
					"$(inherited)",
					"@executable_path/Frameworks",
					"@loader_path/Frameworks",
				);
				PRODUCT_BUNDLE_IDENTIFIER = devstart.LetsEatTests;
				PRODUCT_NAME = "$(TARGET_NAME)";
				SWIFT_VERSION = 5.0;
				TARGETED_DEVICE_FAMILY = "1,2";
				TEST_HOST = "$(BUILT_PRODUCTS_DIR)/LetsEat.app/LetsEat";
			};
			name = Release;
		};
		582AD361262DB15A00B96181 /* Debug */ = {
			isa = XCBuildConfiguration;
			buildSettings = {
				ALWAYS_EMBED_SWIFT_STANDARD_LIBRARIES = YES;
				CODE_SIGN_STYLE = Automatic;
				INFOPLIST_FILE = LetsEatUITests/Info.plist;
				LD_RUNPATH_SEARCH_PATHS = (
					"$(inherited)",
					"@executable_path/Frameworks",
					"@loader_path/Frameworks",
				);
				PRODUCT_BUNDLE_IDENTIFIER = devstart.LetsEatUITests;
				PRODUCT_NAME = "$(TARGET_NAME)";
				SWIFT_VERSION = 5.0;
				TARGETED_DEVICE_FAMILY = "1,2";
				TEST_TARGET_NAME = LetsEat;
			};
			name = Debug;
		};
		582AD362262DB15A00B96181 /* Release */ = {
			isa = XCBuildConfiguration;
			buildSettings = {
				ALWAYS_EMBED_SWIFT_STANDARD_LIBRARIES = YES;
				CODE_SIGN_STYLE = Automatic;
				INFOPLIST_FILE = LetsEatUITests/Info.plist;
				LD_RUNPATH_SEARCH_PATHS = (
					"$(inherited)",
					"@executable_path/Frameworks",
					"@loader_path/Frameworks",
				);
				PRODUCT_BUNDLE_IDENTIFIER = devstart.LetsEatUITests;
				PRODUCT_NAME = "$(TARGET_NAME)";
				SWIFT_VERSION = 5.0;
				TARGETED_DEVICE_FAMILY = "1,2";
				TEST_TARGET_NAME = LetsEat;
			};
			name = Release;
		};
/* End XCBuildConfiguration section */

/* Begin XCConfigurationList section */
		582AD328262DB15700B96181 /* Build configuration list for PBXProject "LetsEat" */ = {
			isa = XCConfigurationList;
			buildConfigurations = (
				582AD358262DB15A00B96181 /* Debug */,
				582AD359262DB15A00B96181 /* Release */,
			);
			defaultConfigurationIsVisible = 0;
			defaultConfigurationName = Release;
		};
		582AD35A262DB15A00B96181 /* Build configuration list for PBXNativeTarget "LetsEat" */ = {
			isa = XCConfigurationList;
			buildConfigurations = (
				582AD35B262DB15A00B96181 /* Debug */,
				582AD35C262DB15A00B96181 /* Release */,
			);
			defaultConfigurationIsVisible = 0;
			defaultConfigurationName = Release;
		};
		582AD35D262DB15A00B96181 /* Build configuration list for PBXNativeTarget "LetsEatTests" */ = {
			isa = XCConfigurationList;
			buildConfigurations = (
				582AD35E262DB15A00B96181 /* Debug */,
				582AD35F262DB15A00B96181 /* Release */,
			);
			defaultConfigurationIsVisible = 0;
			defaultConfigurationName = Release;
		};
		582AD360262DB15A00B96181 /* Build configuration list for PBXNativeTarget "LetsEatUITests" */ = {
			isa = XCConfigurationList;
			buildConfigurations = (
				582AD361262DB15A00B96181 /* Debug */,
				582AD362262DB15A00B96181 /* Release */,
			);
			defaultConfigurationIsVisible = 0;
			defaultConfigurationName = Release;
		};
/* End XCConfigurationList section */

/* Begin XCVersionGroup section */
		582AD339262DB15700B96181 /* LetsEat.xcdatamodeld */ = {
			isa = XCVersionGroup;
			children = (
				582AD33A262DB15700B96181 /* LetsEat.xcdatamodel */,
			);
			currentVersion = 582AD33A262DB15700B96181 /* LetsEat.xcdatamodel */;
			path = LetsEat.xcdatamodeld;
			sourceTree = "<group>";
			versionGroupType = wrapper.xcdatamodel;
		};
/* End XCVersionGroup section */
	};
	rootObject = 582AD325262DB15700B96181 /* Project object */;
}
